
Microsoft Visual Studio Solution File, Format Version 12.00
# Visual Studio Version 17
VisualStudioVersion = 17.12.35707.178
MinimumVisualStudioVersion = 10.0.40219.1
Project("{2150E333-8FDC-42A3-9474-1A3956D46DE8}") = "Common", "Common", "{8CD8B977-0EE2-44AA-B217-65F5BB8AE47B}"
EndProject
Project("{2150E333-8FDC-42A3-9474-1A3956D46DE8}") = "APIGateway", "APIGateway", "{6BFAD36E-B53D-4442-B16A-9E321A90921F}"
EndProject
Project("{2150E333-8FDC-42A3-9474-1A3956D46DE8}") = "MicroServices", "MicroServices", "{CB4511C4-F80E-4B77-94DA-EF0CD262B30C}"
EndProject
Project("{9A19103F-16F7-4668-BE54-9A1E7A4F7556}") = "Core.Utility", "Core.Utility\Core.Utility.csproj", "{8C721294-DEBB-4198-B226-136C053EC7CA}"
EndProject
Project("{9A19103F-16F7-4668-BE54-9A1E7A4F7556}") = "Core.Repository", "Core.Repository\Core.Repository.csproj", "{53E8C0A0-1F0F-4C97-922E-0AB27CDD227E}"
EndProject
Project("{9A19103F-16F7-4668-BE54-9A1E7A4F7556}") = "Core.CPRMS", "Core.CPRMS\Core.CPRMS.csproj", "{60C61287-FBEE-4576-9F56-0938A974B128}"
EndProject
Project("{9A19103F-16F7-4668-BE54-9A1E7A4F7556}") = "Core.Infrastructure", "Core.Infrastructure\Core.Infrastructure.csproj", "{8287676E-7395-403B-AB4B-30AF2EA45F16}"
EndProject
Project("{9A19103F-16F7-4668-BE54-9A1E7A4F7556}") = "Core.CPRMSServiceComponents", "Core.CPRMSServiceComponents\Core.CPRMSServiceComponents.csproj", "{023DB2F5-50C5-44C4-BE49-80BE8F0D49BD}"
EndProject
Project("{9A19103F-16F7-4668-BE54-9A1E7A4F7556}") = "CPRMS.AppHost", "CPRMS.AppHost\CPRMS.AppHost.csproj", "{27B4F59D-01B3-4EE7-A37E-FBD3E2C60B94}"
EndProject
Project("{9A19103F-16F7-4668-BE54-9A1E7A4F7556}") = "Gateway", "Gateway\Gateway.csproj", "{1DC69A94-279D-484D-A909-48AD22E37792}"
EndProject
Project("{9A19103F-16F7-4668-BE54-9A1E7A4F7556}") = "Core.Domain", "Core.Domain\Core.Domain.csproj", "{CFCE44A6-72C6-42EB-8B2A-7E4DEEB1EAB4}"
EndProject
Project("{9A19103F-16F7-4668-BE54-9A1E7A4F7556}") = "Core.Application", "Core.Application\Core.Application.csproj", "{A990651A-775D-49A5-8A16-0A580EAA4C83}"
EndProject
Project("{2150E333-8FDC-42A3-9474-1A3956D46DE8}") = "CPRMSServices", "CPRMSServices", "{A07AA8AC-9D59-40A3-8075-FDA80DD7077D}"
EndProject
Project("{2150E333-8FDC-42A3-9474-1A3956D46DE8}") = "AuthService", "AuthService", "{1239143C-B4E7-499D-A468-654BE3B5F9EF}"
EndProject
Project("{9A19103F-16F7-4668-BE54-9A1E7A4F7556}") = "Auth.API", "Auth.API\Auth.API.csproj", "{F94796B4-C1F5-438C-AFA0-E0211F575E38}"
EndProject
Project("{2150E333-8FDC-42A3-9474-1A3956D46DE8}") = "DocumentService", "DocumentService", "{F10168C5-AD4A-4B76-B488-E5A38BBC7B2E}"
EndProject
Project("{9A19103F-16F7-4668-BE54-9A1E7A4F7556}") = "Document.API", "Document.API\Document.API.csproj", "{83F930E6-93A7-4094-A5E9-28E8D38EDD3E}"
EndProject
Project("{FAE04EC0-301F-11D3-BF4B-00C04F79EFBC}") = "AuthExtension", "AuthExtension\AuthExtension.csproj", "{D6A8E0AE-840D-4E3F-9750-966B7B492F30}"
EndProject
Project("{2150E333-8FDC-42A3-9474-1A3956D46DE8}") = "WorkflowService", "WorkflowService", "{FAF23253-94F7-4B20-8336-AE1BEC25FA54}"
EndProject
Project("{9A19103F-16F7-4668-BE54-9A1E7A4F7556}") = "RmsWorkflow.API", "RmsWorkflow.API\RmsWorkflow.API.csproj", "{6E571751-AA3D-4822-96B3-1795D50C8A45}"
EndProject
Global
	GlobalSection(SolutionConfigurationPlatforms) = preSolution
		Debug|Any CPU = Debug|Any CPU
		Release|Any CPU = Release|Any CPU
	EndGlobalSection
	GlobalSection(ProjectConfigurationPlatforms) = postSolution
		{8C721294-DEBB-4198-B226-136C053EC7CA}.Debug|Any CPU.ActiveCfg = Debug|Any CPU
		{8C721294-DEBB-4198-B226-136C053EC7CA}.Debug|Any CPU.Build.0 = Debug|Any CPU
		{8C721294-DEBB-4198-B226-136C053EC7CA}.Release|Any CPU.ActiveCfg = Release|Any CPU
		{8C721294-DEBB-4198-B226-136C053EC7CA}.Release|Any CPU.Build.0 = Release|Any CPU
		{53E8C0A0-1F0F-4C97-922E-0AB27CDD227E}.Debug|Any CPU.ActiveCfg = Debug|Any CPU
		{53E8C0A0-1F0F-4C97-922E-0AB27CDD227E}.Debug|Any CPU.Build.0 = Debug|Any CPU
		{53E8C0A0-1F0F-4C97-922E-0AB27CDD227E}.Release|Any CPU.ActiveCfg = Release|Any CPU
		{53E8C0A0-1F0F-4C97-922E-0AB27CDD227E}.Release|Any CPU.Build.0 = Release|Any CPU
		{60C61287-FBEE-4576-9F56-0938A974B128}.Debug|Any CPU.ActiveCfg = Debug|Any CPU
		{60C61287-FBEE-4576-9F56-0938A974B128}.Debug|Any CPU.Build.0 = Debug|Any CPU
		{60C61287-FBEE-4576-9F56-0938A974B128}.Release|Any CPU.ActiveCfg = Release|Any CPU
		{60C61287-FBEE-4576-9F56-0938A974B128}.Release|Any CPU.Build.0 = Release|Any CPU
		{8287676E-7395-403B-AB4B-30AF2EA45F16}.Debug|Any CPU.ActiveCfg = Debug|Any CPU
		{8287676E-7395-403B-AB4B-30AF2EA45F16}.Debug|Any CPU.Build.0 = Debug|Any CPU
		{8287676E-7395-403B-AB4B-30AF2EA45F16}.Release|Any CPU.ActiveCfg = Release|Any CPU
		{8287676E-7395-403B-AB4B-30AF2EA45F16}.Release|Any CPU.Build.0 = Release|Any CPU
		{023DB2F5-50C5-44C4-BE49-80BE8F0D49BD}.Debug|Any CPU.ActiveCfg = Debug|Any CPU
		{023DB2F5-50C5-44C4-BE49-80BE8F0D49BD}.Debug|Any CPU.Build.0 = Debug|Any CPU
		{023DB2F5-50C5-44C4-BE49-80BE8F0D49BD}.Release|Any CPU.ActiveCfg = Release|Any CPU
		{023DB2F5-50C5-44C4-BE49-80BE8F0D49BD}.Release|Any CPU.Build.0 = Release|Any CPU
		{27B4F59D-01B3-4EE7-A37E-FBD3E2C60B94}.Debug|Any CPU.ActiveCfg = Debug|Any CPU
		{27B4F59D-01B3-4EE7-A37E-FBD3E2C60B94}.Debug|Any CPU.Build.0 = Debug|Any CPU
		{27B4F59D-01B3-4EE7-A37E-FBD3E2C60B94}.Release|Any CPU.ActiveCfg = Release|Any CPU
		{27B4F59D-01B3-4EE7-A37E-FBD3E2C60B94}.Release|Any CPU.Build.0 = Release|Any CPU
		{1DC69A94-279D-484D-A909-48AD22E37792}.Debug|Any CPU.ActiveCfg = Debug|Any CPU
		{1DC69A94-279D-484D-A909-48AD22E37792}.Debug|Any CPU.Build.0 = Debug|Any CPU
		{1DC69A94-279D-484D-A909-48AD22E37792}.Release|Any CPU.ActiveCfg = Release|Any CPU
		{1DC69A94-279D-484D-A909-48AD22E37792}.Release|Any CPU.Build.0 = Release|Any CPU
		{CFCE44A6-72C6-42EB-8B2A-7E4DEEB1EAB4}.Debug|Any CPU.ActiveCfg = Debug|Any CPU
		{CFCE44A6-72C6-42EB-8B2A-7E4DEEB1EAB4}.Debug|Any CPU.Build.0 = Debug|Any CPU
		{CFCE44A6-72C6-42EB-8B2A-7E4DEEB1EAB4}.Release|Any CPU.ActiveCfg = Release|Any CPU
		{CFCE44A6-72C6-42EB-8B2A-7E4DEEB1EAB4}.Release|Any CPU.Build.0 = Release|Any CPU
		{A990651A-775D-49A5-8A16-0A580EAA4C83}.Debug|Any CPU.ActiveCfg = Debug|Any CPU
		{A990651A-775D-49A5-8A16-0A580EAA4C83}.Debug|Any CPU.Build.0 = Debug|Any CPU
		{A990651A-775D-49A5-8A16-0A580EAA4C83}.Release|Any CPU.ActiveCfg = Release|Any CPU
		{A990651A-775D-49A5-8A16-0A580EAA4C83}.Release|Any CPU.Build.0 = Release|Any CPU
		{F94796B4-C1F5-438C-AFA0-E0211F575E38}.Debug|Any CPU.ActiveCfg = Debug|Any CPU
		{F94796B4-C1F5-438C-AFA0-E0211F575E38}.Debug|Any CPU.Build.0 = Debug|Any CPU
		{F94796B4-C1F5-438C-AFA0-E0211F575E38}.Release|Any CPU.ActiveCfg = Release|Any CPU
		{F94796B4-C1F5-438C-AFA0-E0211F575E38}.Release|Any CPU.Build.0 = Release|Any CPU
		{83F930E6-93A7-4094-A5E9-28E8D38EDD3E}.Debug|Any CPU.ActiveCfg = Debug|Any CPU
		{83F930E6-93A7-4094-A5E9-28E8D38EDD3E}.Debug|Any CPU.Build.0 = Debug|Any CPU
		{83F930E6-93A7-4094-A5E9-28E8D38EDD3E}.Release|Any CPU.ActiveCfg = Release|Any CPU
		{83F930E6-93A7-4094-A5E9-28E8D38EDD3E}.Release|Any CPU.Build.0 = Release|Any CPU
		{D6A8E0AE-840D-4E3F-9750-966B7B492F30}.Debug|Any CPU.ActiveCfg = Debug|Any CPU
		{D6A8E0AE-840D-4E3F-9750-966B7B492F30}.Debug|Any CPU.Build.0 = Debug|Any CPU
		{D6A8E0AE-840D-4E3F-9750-966B7B492F30}.Release|Any CPU.ActiveCfg = Release|Any CPU
		{D6A8E0AE-840D-4E3F-9750-966B7B492F30}.Release|Any CPU.Build.0 = Release|Any CPU
		{6E571751-AA3D-4822-96B3-1795D50C8A45}.Debug|Any CPU.ActiveCfg = Debug|Any CPU
		{6E571751-AA3D-4822-96B3-1795D50C8A45}.Debug|Any CPU.Build.0 = Debug|Any CPU
		{6E571751-AA3D-4822-96B3-1795D50C8A45}.Release|Any CPU.ActiveCfg = Release|Any CPU
		{6E571751-AA3D-4822-96B3-1795D50C8A45}.Release|Any CPU.Build.0 = Release|Any CPU
	EndGlobalSection
	GlobalSection(SolutionProperties) = preSolution
		HideSolutionNode = FALSE
	EndGlobalSection
	GlobalSection(NestedProjects) = preSolution
		{8C721294-DEBB-4198-B226-136C053EC7CA} = {8CD8B977-0EE2-44AA-B217-65F5BB8AE47B}
		{53E8C0A0-1F0F-4C97-922E-0AB27CDD227E} = {8CD8B977-0EE2-44AA-B217-65F5BB8AE47B}
		{60C61287-FBEE-4576-9F56-0938A974B128} = {8CD8B977-0EE2-44AA-B217-65F5BB8AE47B}
		{8287676E-7395-403B-AB4B-30AF2EA45F16} = {8CD8B977-0EE2-44AA-B217-65F5BB8AE47B}
		{023DB2F5-50C5-44C4-BE49-80BE8F0D49BD} = {8CD8B977-0EE2-44AA-B217-65F5BB8AE47B}
		{1DC69A94-279D-484D-A909-48AD22E37792} = {6BFAD36E-B53D-4442-B16A-9E321A90921F}
		{CFCE44A6-72C6-42EB-8B2A-7E4DEEB1EAB4} = {8CD8B977-0EE2-44AA-B217-65F5BB8AE47B}
		{A990651A-775D-49A5-8A16-0A580EAA4C83} = {8CD8B977-0EE2-44AA-B217-65F5BB8AE47B}
		{A07AA8AC-9D59-40A3-8075-FDA80DD7077D} = {CB4511C4-F80E-4B77-94DA-EF0CD262B30C}
		{1239143C-B4E7-499D-A468-654BE3B5F9EF} = {A07AA8AC-9D59-40A3-8075-FDA80DD7077D}
		{F94796B4-C1F5-438C-AFA0-E0211F575E38} = {1239143C-B4E7-499D-A468-654BE3B5F9EF}
		{F10168C5-AD4A-4B76-B488-E5A38BBC7B2E} = {A07AA8AC-9D59-40A3-8075-FDA80DD7077D}
		{83F930E6-93A7-4094-A5E9-28E8D38EDD3E} = {F10168C5-AD4A-4B76-B488-E5A38BBC7B2E}
		{D6A8E0AE-840D-4E3F-9750-966B7B492F30} = {1239143C-B4E7-499D-A468-654BE3B5F9EF}
		{FAF23253-94F7-4B20-8336-AE1BEC25FA54} = {A07AA8AC-9D59-40A3-8075-FDA80DD7077D}
		{6E571751-AA3D-4822-96B3-1795D50C8A45} = {FAF23253-94F7-4B20-8336-AE1BEC25FA54}
	EndGlobalSection
	GlobalSection(ExtensibilityGlobals) = postSolution
		SolutionGuid = {88684251-7A2F-41BC-B857-2B6CB8402CC6}
	EndGlobalSection
EndGlobal
