
Microsoft Visual Studio Solution File, Format Version 12.00
# Visual Studio Version 17
VisualStudioVersion = 17.12.35707.178
MinimumVisualStudioVersion = 10.0.40219.1
Project("{2150E333-8FDC-42A3-9474-1A3956D46DE8}") = "src", "src", "{647F80E4-5247-42AD-A236-C7F94E2AA305}"
EndProject
Project("{FAE04EC0-301F-11D3-BF4B-00C04F79EFBC}") = "RMS.Domain", "RMS.Domain\RMS.Domain.csproj", "{AA71E8FA-303A-4E60-9E35-CB00887F0770}"
EndProject
Project("{FAE04EC0-301F-11D3-BF4B-00C04F79EFBC}") = "RMS.Application", "RMS.Application\RMS.Application.csproj", "{EFE51F80-86A1-43E7-9336-AB4EEA24940C}"
EndProject
Project("{FAE04EC0-301F-11D3-BF4B-00C04F79EFBC}") = "RMS.Infrastructure", "RMS.Infrastructure\RMS.Infrastructure.csproj", "{FC59F9D6-E53D-4967-A05C-4ED42AA433CC}"
EndProject
Project("{FAE04EC0-301F-11D3-BF4B-00C04F79EFBC}") = "RMS.WebAPI", "RMS.WebAPI\RMS.WebAPI.csproj", "{5A367E81-771D-4B46-8316-5B9111EED48B}"
EndProject
Project("{FAE04EC0-301F-11D3-BF4B-00C04F79EFBC}") = "RMS.SharedKernel", "RMS.SharedKernel\RMS.SharedKernel.csproj", "{12381470-EB15-42B2-A93C-F8B7E8EC7048}"
EndProject
Project("{FAE04EC0-301F-11D3-BF4B-00C04F79EFBC}") = "RMS.Contracts", "RMS.Contracts\RMS.Contracts.csproj", "{3D8FA30F-8005-41C6-BCBC-001E8DA1E43A}"
EndProject
Project("{2150E333-8FDC-42A3-9474-1A3956D46DE8}") = "tests", "tests", "{C467B122-95DE-4A14-B2D2-90BE902F0158}"
EndProject
Project("{FAE04EC0-301F-11D3-BF4B-00C04F79EFBC}") = "RMS.Tests", "RMS.Tests\RMS.Tests.csproj", "{47E2A7D1-8242-4C14-8A0A-F69823814424}"
EndProject
Project("{FAE04EC0-301F-11D3-BF4B-00C04F79EFBC}") = "RMS.Api", "RMS.Api\RMS.Api.csproj", "{58777AE5-08E1-418A-B48C-04AA9651984C}"
EndProject
Global
	GlobalSection(SolutionConfigurationPlatforms) = preSolution
		Debug|Any CPU = Debug|Any CPU
		Release|Any CPU = Release|Any CPU
	EndGlobalSection
	GlobalSection(ProjectConfigurationPlatforms) = postSolution
		{AA71E8FA-303A-4E60-9E35-CB00887F0770}.Debug|Any CPU.ActiveCfg = Debug|Any CPU
		{AA71E8FA-303A-4E60-9E35-CB00887F0770}.Debug|Any CPU.Build.0 = Debug|Any CPU
		{AA71E8FA-303A-4E60-9E35-CB00887F0770}.Release|Any CPU.ActiveCfg = Release|Any CPU
		{AA71E8FA-303A-4E60-9E35-CB00887F0770}.Release|Any CPU.Build.0 = Release|Any CPU
		{EFE51F80-86A1-43E7-9336-AB4EEA24940C}.Debug|Any CPU.ActiveCfg = Debug|Any CPU
		{EFE51F80-86A1-43E7-9336-AB4EEA24940C}.Debug|Any CPU.Build.0 = Debug|Any CPU
		{EFE51F80-86A1-43E7-9336-AB4EEA24940C}.Release|Any CPU.ActiveCfg = Release|Any CPU
		{EFE51F80-86A1-43E7-9336-AB4EEA24940C}.Release|Any CPU.Build.0 = Release|Any CPU
		{FC59F9D6-E53D-4967-A05C-4ED42AA433CC}.Debug|Any CPU.ActiveCfg = Debug|Any CPU
		{FC59F9D6-E53D-4967-A05C-4ED42AA433CC}.Debug|Any CPU.Build.0 = Debug|Any CPU
		{FC59F9D6-E53D-4967-A05C-4ED42AA433CC}.Release|Any CPU.ActiveCfg = Release|Any CPU
		{FC59F9D6-E53D-4967-A05C-4ED42AA433CC}.Release|Any CPU.Build.0 = Release|Any CPU
		{5A367E81-771D-4B46-8316-5B9111EED48B}.Debug|Any CPU.ActiveCfg = Debug|Any CPU
		{5A367E81-771D-4B46-8316-5B9111EED48B}.Debug|Any CPU.Build.0 = Debug|Any CPU
		{5A367E81-771D-4B46-8316-5B9111EED48B}.Release|Any CPU.ActiveCfg = Release|Any CPU
		{5A367E81-771D-4B46-8316-5B9111EED48B}.Release|Any CPU.Build.0 = Release|Any CPU
		{12381470-EB15-42B2-A93C-F8B7E8EC7048}.Debug|Any CPU.ActiveCfg = Debug|Any CPU
		{12381470-EB15-42B2-A93C-F8B7E8EC7048}.Debug|Any CPU.Build.0 = Debug|Any CPU
		{12381470-EB15-42B2-A93C-F8B7E8EC7048}.Release|Any CPU.ActiveCfg = Release|Any CPU
		{12381470-EB15-42B2-A93C-F8B7E8EC7048}.Release|Any CPU.Build.0 = Release|Any CPU
		{3D8FA30F-8005-41C6-BCBC-001E8DA1E43A}.Debug|Any CPU.ActiveCfg = Debug|Any CPU
		{3D8FA30F-8005-41C6-BCBC-001E8DA1E43A}.Debug|Any CPU.Build.0 = Debug|Any CPU
		{3D8FA30F-8005-41C6-BCBC-001E8DA1E43A}.Release|Any CPU.ActiveCfg = Release|Any CPU
		{3D8FA30F-8005-41C6-BCBC-001E8DA1E43A}.Release|Any CPU.Build.0 = Release|Any CPU
		{47E2A7D1-8242-4C14-8A0A-F69823814424}.Debug|Any CPU.ActiveCfg = Debug|Any CPU
		{47E2A7D1-8242-4C14-8A0A-F69823814424}.Debug|Any CPU.Build.0 = Debug|Any CPU
		{47E2A7D1-8242-4C14-8A0A-F69823814424}.Release|Any CPU.ActiveCfg = Release|Any CPU
		{47E2A7D1-8242-4C14-8A0A-F69823814424}.Release|Any CPU.Build.0 = Release|Any CPU
		{58777AE5-08E1-418A-B48C-04AA9651984C}.Debug|Any CPU.ActiveCfg = Debug|Any CPU
		{58777AE5-08E1-418A-B48C-04AA9651984C}.Debug|Any CPU.Build.0 = Debug|Any CPU
		{58777AE5-08E1-418A-B48C-04AA9651984C}.Release|Any CPU.ActiveCfg = Release|Any CPU
		{58777AE5-08E1-418A-B48C-04AA9651984C}.Release|Any CPU.Build.0 = Release|Any CPU
	EndGlobalSection
	GlobalSection(SolutionProperties) = preSolution
		HideSolutionNode = FALSE
	EndGlobalSection
	GlobalSection(NestedProjects) = preSolution
		{AA71E8FA-303A-4E60-9E35-CB00887F0770} = {647F80E4-5247-42AD-A236-C7F94E2AA305}
		{EFE51F80-86A1-43E7-9336-AB4EEA24940C} = {647F80E4-5247-42AD-A236-C7F94E2AA305}
		{FC59F9D6-E53D-4967-A05C-4ED42AA433CC} = {647F80E4-5247-42AD-A236-C7F94E2AA305}
		{5A367E81-771D-4B46-8316-5B9111EED48B} = {647F80E4-5247-42AD-A236-C7F94E2AA305}
		{12381470-EB15-42B2-A93C-F8B7E8EC7048} = {647F80E4-5247-42AD-A236-C7F94E2AA305}
		{3D8FA30F-8005-41C6-BCBC-001E8DA1E43A} = {647F80E4-5247-42AD-A236-C7F94E2AA305}
		{47E2A7D1-8242-4C14-8A0A-F69823814424} = {C467B122-95DE-4A14-B2D2-90BE902F0158}
		{58777AE5-08E1-418A-B48C-04AA9651984C} = {647F80E4-5247-42AD-A236-C7F94E2AA305}
	EndGlobalSection
	GlobalSection(ExtensibilityGlobals) = postSolution
		SolutionGuid = {88684251-7A2F-41BC-B857-2B6CB8402CC6}
	EndGlobalSection
EndGlobal
