
Microsoft Visual Studio Solution File, Format Version 12.00
# Visual Studio Version 17
VisualStudioVersion = 17.12.35707.178
MinimumVisualStudioVersion = 10.0.40219.1
Project("{2150E333-8FDC-42A3-9474-1A3956D46DE8}") = "Common", "Common", "{8CD8B977-0EE2-44AA-B217-65F5BB8AE47B}"
EndProject
Project("{2150E333-8FDC-42A3-9474-1A3956D46DE8}") = "MicroServices", "MicroServices", "{CB4511C4-F80E-4B77-94DA-EF0CD262B30C}"
EndProject
Project("{9A19103F-16F7-4668-BE54-9A1E7A4F7556}") = "Core.Utility", "Core.Utility\Core.Utility.csproj", "{8C721294-DEBB-4198-B226-136C053EC7CA}"
EndProject
Project("{9A19103F-16F7-4668-BE54-9A1E7A4F7556}") = "Core.Domain", "Core.Repository\Core.Domain.csproj", "{53E8C0A0-1F0F-4C97-922E-0AB27CDD227E}"
EndProject
Project("{9A19103F-16F7-4668-BE54-9A1E7A4F7556}") = "Core.CPRMS", "Core.CPRMS\Core.CPRMS.csproj", "{60C61287-FBEE-4576-9F56-0938A974B128}"
EndProject
Project("{9A19103F-16F7-4668-BE54-9A1E7A4F7556}") = "Core.Infrastructure", "Core.Infrastructure\Core.Infrastructure.csproj", "{8287676E-7395-403B-AB4B-30AF2EA45F16}"
EndProject
Project("{9A19103F-16F7-4668-BE54-9A1E7A4F7556}") = "Core.CPRMSServiceComponents", "Core.CPRMSServiceComponents\Core.CPRMSServiceComponents.csproj", "{023DB2F5-50C5-44C4-BE49-80BE8F0D49BD}"
EndProject
Project("{9A19103F-16F7-4668-BE54-9A1E7A4F7556}") = "Core.Application", "Core.Application\Core.Application.csproj", "{A990651A-775D-49A5-8A16-0A580EAA4C83}"
EndProject
Project("{2150E333-8FDC-42A3-9474-1A3956D46DE8}") = "CPRMSServices", "CPRMSServices", "{A07AA8AC-9D59-40A3-8075-FDA80DD7077D}"
EndProject
Project("{2150E333-8FDC-42A3-9474-1A3956D46DE8}") = "AuthService", "AuthService", "{1239143C-B4E7-499D-A468-654BE3B5F9EF}"
EndProject
Project("{9A19103F-16F7-4668-BE54-9A1E7A4F7556}") = "Auth.API", "Auth.API\Auth.API.csproj", "{F94796B4-C1F5-438C-AFA0-E0211F575E38}"
EndProject
Project("{9A19103F-16F7-4668-BE54-9A1E7A4F7556}") = "Core.Customized", "Core.Customized\Core.Customized.csproj", "{1382422D-2BDB-4E9C-B79E-8A0A6467B5E0}"
EndProject
Project("{2150E333-8FDC-42A3-9474-1A3956D46DE8}") = "src", "src", "{B4778E6C-1E7D-4794-8348-A58B16783676}"
EndProject
Project("{2150E333-8FDC-42A3-9474-1A3956D46DE8}") = "tests", "tests", "{133E0971-E2DA-4E4E-9715-432B791ED29F}"
EndProject
Project("{9A19103F-16F7-4668-BE54-9A1E7A4F7556}") = "Rms.Application", "Rms.Application\Rms.Application.csproj", "{6379A12B-42AB-42D3-8324-12349896118D}"
EndProject
Project("{9A19103F-16F7-4668-BE54-9A1E7A4F7556}") = "Rms.Domain", "Rms.Domain\Rms.Domain.csproj", "{995F9EAF-FE5A-490E-A7F2-B1BEEFD7D2A6}"
EndProject
Project("{9A19103F-16F7-4668-BE54-9A1E7A4F7556}") = "Rms.Infrastructure", "Rms.Infrastructure\Rms.Infrastructure.csproj", "{BD64B87E-AD72-44C0-B612-BC6E4550C57A}"
EndProject
Project("{FAE04EC0-301F-11D3-BF4B-00C04F79EFBC}") = "Rms.API", "Rms.API\Rms.API.csproj", "{D10910C9-6BB5-4DC6-8773-B4FB085428B7}"
EndProject
Global
	GlobalSection(SolutionConfigurationPlatforms) = preSolution
		Debug|Any CPU = Debug|Any CPU
		Release|Any CPU = Release|Any CPU
	EndGlobalSection
	GlobalSection(ProjectConfigurationPlatforms) = postSolution
		{8C721294-DEBB-4198-B226-136C053EC7CA}.Debug|Any CPU.ActiveCfg = Debug|Any CPU
		{8C721294-DEBB-4198-B226-136C053EC7CA}.Debug|Any CPU.Build.0 = Debug|Any CPU
		{8C721294-DEBB-4198-B226-136C053EC7CA}.Release|Any CPU.ActiveCfg = Release|Any CPU
		{8C721294-DEBB-4198-B226-136C053EC7CA}.Release|Any CPU.Build.0 = Release|Any CPU
		{53E8C0A0-1F0F-4C97-922E-0AB27CDD227E}.Debug|Any CPU.ActiveCfg = Debug|Any CPU
		{53E8C0A0-1F0F-4C97-922E-0AB27CDD227E}.Debug|Any CPU.Build.0 = Debug|Any CPU
		{53E8C0A0-1F0F-4C97-922E-0AB27CDD227E}.Release|Any CPU.ActiveCfg = Release|Any CPU
		{53E8C0A0-1F0F-4C97-922E-0AB27CDD227E}.Release|Any CPU.Build.0 = Release|Any CPU
		{60C61287-FBEE-4576-9F56-0938A974B128}.Debug|Any CPU.ActiveCfg = Debug|Any CPU
		{60C61287-FBEE-4576-9F56-0938A974B128}.Debug|Any CPU.Build.0 = Debug|Any CPU
		{60C61287-FBEE-4576-9F56-0938A974B128}.Release|Any CPU.ActiveCfg = Release|Any CPU
		{60C61287-FBEE-4576-9F56-0938A974B128}.Release|Any CPU.Build.0 = Release|Any CPU
		{8287676E-7395-403B-AB4B-30AF2EA45F16}.Debug|Any CPU.ActiveCfg = Debug|Any CPU
		{8287676E-7395-403B-AB4B-30AF2EA45F16}.Debug|Any CPU.Build.0 = Debug|Any CPU
		{8287676E-7395-403B-AB4B-30AF2EA45F16}.Release|Any CPU.ActiveCfg = Release|Any CPU
		{8287676E-7395-403B-AB4B-30AF2EA45F16}.Release|Any CPU.Build.0 = Release|Any CPU
		{023DB2F5-50C5-44C4-BE49-80BE8F0D49BD}.Debug|Any CPU.ActiveCfg = Debug|Any CPU
		{023DB2F5-50C5-44C4-BE49-80BE8F0D49BD}.Debug|Any CPU.Build.0 = Debug|Any CPU
		{023DB2F5-50C5-44C4-BE49-80BE8F0D49BD}.Release|Any CPU.ActiveCfg = Release|Any CPU
		{023DB2F5-50C5-44C4-BE49-80BE8F0D49BD}.Release|Any CPU.Build.0 = Release|Any CPU
		{A990651A-775D-49A5-8A16-0A580EAA4C83}.Debug|Any CPU.ActiveCfg = Debug|Any CPU
		{A990651A-775D-49A5-8A16-0A580EAA4C83}.Debug|Any CPU.Build.0 = Debug|Any CPU
		{A990651A-775D-49A5-8A16-0A580EAA4C83}.Release|Any CPU.ActiveCfg = Release|Any CPU
		{A990651A-775D-49A5-8A16-0A580EAA4C83}.Release|Any CPU.Build.0 = Release|Any CPU
		{F94796B4-C1F5-438C-AFA0-E0211F575E38}.Debug|Any CPU.ActiveCfg = Debug|Any CPU
		{F94796B4-C1F5-438C-AFA0-E0211F575E38}.Debug|Any CPU.Build.0 = Debug|Any CPU
		{F94796B4-C1F5-438C-AFA0-E0211F575E38}.Release|Any CPU.ActiveCfg = Release|Any CPU
		{F94796B4-C1F5-438C-AFA0-E0211F575E38}.Release|Any CPU.Build.0 = Release|Any CPU
		{1382422D-2BDB-4E9C-B79E-8A0A6467B5E0}.Debug|Any CPU.ActiveCfg = Debug|Any CPU
		{1382422D-2BDB-4E9C-B79E-8A0A6467B5E0}.Debug|Any CPU.Build.0 = Debug|Any CPU
		{1382422D-2BDB-4E9C-B79E-8A0A6467B5E0}.Release|Any CPU.ActiveCfg = Release|Any CPU
		{1382422D-2BDB-4E9C-B79E-8A0A6467B5E0}.Release|Any CPU.Build.0 = Release|Any CPU
		{6379A12B-42AB-42D3-8324-12349896118D}.Debug|Any CPU.ActiveCfg = Debug|Any CPU
		{6379A12B-42AB-42D3-8324-12349896118D}.Debug|Any CPU.Build.0 = Debug|Any CPU
		{6379A12B-42AB-42D3-8324-12349896118D}.Release|Any CPU.ActiveCfg = Release|Any CPU
		{6379A12B-42AB-42D3-8324-12349896118D}.Release|Any CPU.Build.0 = Release|Any CPU
		{995F9EAF-FE5A-490E-A7F2-B1BEEFD7D2A6}.Debug|Any CPU.ActiveCfg = Debug|Any CPU
		{995F9EAF-FE5A-490E-A7F2-B1BEEFD7D2A6}.Debug|Any CPU.Build.0 = Debug|Any CPU
		{995F9EAF-FE5A-490E-A7F2-B1BEEFD7D2A6}.Release|Any CPU.ActiveCfg = Release|Any CPU
		{995F9EAF-FE5A-490E-A7F2-B1BEEFD7D2A6}.Release|Any CPU.Build.0 = Release|Any CPU
		{BD64B87E-AD72-44C0-B612-BC6E4550C57A}.Debug|Any CPU.ActiveCfg = Debug|Any CPU
		{BD64B87E-AD72-44C0-B612-BC6E4550C57A}.Debug|Any CPU.Build.0 = Debug|Any CPU
		{BD64B87E-AD72-44C0-B612-BC6E4550C57A}.Release|Any CPU.ActiveCfg = Release|Any CPU
		{BD64B87E-AD72-44C0-B612-BC6E4550C57A}.Release|Any CPU.Build.0 = Release|Any CPU
		{D10910C9-6BB5-4DC6-8773-B4FB085428B7}.Debug|Any CPU.ActiveCfg = Debug|Any CPU
		{D10910C9-6BB5-4DC6-8773-B4FB085428B7}.Debug|Any CPU.Build.0 = Debug|Any CPU
		{D10910C9-6BB5-4DC6-8773-B4FB085428B7}.Release|Any CPU.ActiveCfg = Release|Any CPU
		{D10910C9-6BB5-4DC6-8773-B4FB085428B7}.Release|Any CPU.Build.0 = Release|Any CPU
	EndGlobalSection
	GlobalSection(SolutionProperties) = preSolution
		HideSolutionNode = FALSE
	EndGlobalSection
	GlobalSection(NestedProjects) = preSolution
		{8C721294-DEBB-4198-B226-136C053EC7CA} = {8CD8B977-0EE2-44AA-B217-65F5BB8AE47B}
		{53E8C0A0-1F0F-4C97-922E-0AB27CDD227E} = {8CD8B977-0EE2-44AA-B217-65F5BB8AE47B}
		{60C61287-FBEE-4576-9F56-0938A974B128} = {8CD8B977-0EE2-44AA-B217-65F5BB8AE47B}
		{8287676E-7395-403B-AB4B-30AF2EA45F16} = {8CD8B977-0EE2-44AA-B217-65F5BB8AE47B}
		{023DB2F5-50C5-44C4-BE49-80BE8F0D49BD} = {8CD8B977-0EE2-44AA-B217-65F5BB8AE47B}
		{A990651A-775D-49A5-8A16-0A580EAA4C83} = {8CD8B977-0EE2-44AA-B217-65F5BB8AE47B}
		{A07AA8AC-9D59-40A3-8075-FDA80DD7077D} = {CB4511C4-F80E-4B77-94DA-EF0CD262B30C}
		{1239143C-B4E7-499D-A468-654BE3B5F9EF} = {A07AA8AC-9D59-40A3-8075-FDA80DD7077D}
		{F94796B4-C1F5-438C-AFA0-E0211F575E38} = {1239143C-B4E7-499D-A468-654BE3B5F9EF}
		{1382422D-2BDB-4E9C-B79E-8A0A6467B5E0} = {8CD8B977-0EE2-44AA-B217-65F5BB8AE47B}
		{6379A12B-42AB-42D3-8324-12349896118D} = {B4778E6C-1E7D-4794-8348-A58B16783676}
		{995F9EAF-FE5A-490E-A7F2-B1BEEFD7D2A6} = {B4778E6C-1E7D-4794-8348-A58B16783676}
		{BD64B87E-AD72-44C0-B612-BC6E4550C57A} = {B4778E6C-1E7D-4794-8348-A58B16783676}
		{D10910C9-6BB5-4DC6-8773-B4FB085428B7} = {B4778E6C-1E7D-4794-8348-A58B16783676}
	EndGlobalSection
	GlobalSection(ExtensibilityGlobals) = postSolution
		SolutionGuid = {88684251-7A2F-41BC-B857-2B6CB8402CC6}
	EndGlobalSection
EndGlobal
