
Microsoft Visual Studio Solution File, Format Version 12.00
# Visual Studio Version 17
VisualStudioVersion = 17.12.35707.178
MinimumVisualStudioVersion = 10.0.40219.1
Project("{2150E333-8FDC-42A3-9474-1A3956D46DE8}") = "src", "src", "{A981B7EE-CDE3-4969-986D-0D8EF4832663}"
EndProject
Project("{2150E333-8FDC-42A3-9474-1A3956D46DE8}") = "tests", "tests", "{7DA9FF77-EB5C-4951-8677-5A539FEF303D}"
EndProject
Project("{2150E333-8FDC-42A3-9474-1A3956D46DE8}") = "Core", "Core", "{B8AB14EB-D41B-49FD-8864-4BF30AEAC12C}"
EndProject
Project("{9A19103F-16F7-4668-BE54-9A1E7A4F7556}") = "Core.Api", "src\Core\Core.Api\Core.Api.csproj", "{18C08E89-DC9C-4B1A-9129-4A79887470B2}"
EndProject
Project("{2150E333-8FDC-42A3-9474-1A3956D46DE8}") = "RMS", "RMS", "{8292A6E3-CAA6-4DFB-A0B1-2F57E21B5626}"
EndProject
Project("{9A19103F-16F7-4668-BE54-9A1E7A4F7556}") = "Core.Application", "src\Core\Core.Application\Core.Application.csproj", "{F9AEF57E-46B9-49E8-B856-8F13C9C89842}"
EndProject
Project("{9A19103F-16F7-4668-BE54-9A1E7A4F7556}") = "Core.Domain", "src\Core\Core.Domain\Core.Domain.csproj", "{7A98E23F-3775-4D15-84E6-72BBA67C8B6E}"
EndProject
Project("{9A19103F-16F7-4668-BE54-9A1E7A4F7556}") = "Core.Infrastructure", "src\Core\Core.Infrastructure\Core.Infrastructure.csproj", "{8B9C232E-17B5-47E1-9ED3-BCE0ADB0B2D9}"
EndProject
Project("{9A19103F-16F7-4668-BE54-9A1E7A4F7556}") = "Core.Logger", "src\Core\Core.Logger\Core.Logger.csproj", "{B9686FDC-991F-47E0-92D3-A47D2EE779BA}"
EndProject
Project("{9A19103F-16F7-4668-BE54-9A1E7A4F7556}") = "Core.Utility", "src\Core\Core.Utility\Core.Utility.csproj", "{2C984DB3-C880-48A8-B835-301EE3559BEF}"
EndProject
Project("{9A19103F-16F7-4668-BE54-9A1E7A4F7556}") = "Rms.API", "src\RMS\RMS.Api\Rms.API.csproj", "{55313D7D-1E17-4685-BE31-92EDFE52324F}"
EndProject
Project("{9A19103F-16F7-4668-BE54-9A1E7A4F7556}") = "Rms.Application", "src\RMS\RMS.Application\Rms.Application.csproj", "{FF4D5FD6-C567-4AAB-A787-FDDAF4F1085B}"
EndProject
Project("{9A19103F-16F7-4668-BE54-9A1E7A4F7556}") = "Rms.Domain", "src\RMS\RMS.Domain\Rms.Domain.csproj", "{E1B68329-AFF4-4DA5-AD86-5720973F9958}"
EndProject
Project("{9A19103F-16F7-4668-BE54-9A1E7A4F7556}") = "Rms.Infrastructure", "src\RMS\Rms.Infrastructure\Rms.Infrastructure.csproj", "{22EAFAD7-1DA4-46B8-A386-71B21637C7C6}"
EndProject
Project("{9A19103F-16F7-4668-BE54-9A1E7A4F7556}") = "Rms.Api.Tests", "tests\Rms.Api.Tests\Rms.Api.Tests.csproj", "{0D5E0621-8D9A-48B6-8296-E861752A158C}"
EndProject
Project("{9A19103F-16F7-4668-BE54-9A1E7A4F7556}") = "Rms.Application.Tests", "tests\Rms.Application.Tests\Rms.Application.Tests.csproj", "{DD9FB871-C7BF-44E2-AA65-ABBFB6280330}"
EndProject
Project("{9A19103F-16F7-4668-BE54-9A1E7A4F7556}") = "Rms.Infrastructure.Tests", "tests\Rms.Infrastructure.Tests\Rms.Infrastructure.Tests.csproj", "{A450528F-2055-471F-866A-CA464958F6E0}"
EndProject
Global
	GlobalSection(SolutionConfigurationPlatforms) = preSolution
		Debug|Any CPU = Debug|Any CPU
		Release|Any CPU = Release|Any CPU
	EndGlobalSection
	GlobalSection(ProjectConfigurationPlatforms) = postSolution
		{18C08E89-DC9C-4B1A-9129-4A79887470B2}.Debug|Any CPU.ActiveCfg = Debug|Any CPU
		{18C08E89-DC9C-4B1A-9129-4A79887470B2}.Debug|Any CPU.Build.0 = Debug|Any CPU
		{18C08E89-DC9C-4B1A-9129-4A79887470B2}.Release|Any CPU.ActiveCfg = Release|Any CPU
		{18C08E89-DC9C-4B1A-9129-4A79887470B2}.Release|Any CPU.Build.0 = Release|Any CPU
		{F9AEF57E-46B9-49E8-B856-8F13C9C89842}.Debug|Any CPU.ActiveCfg = Debug|Any CPU
		{F9AEF57E-46B9-49E8-B856-8F13C9C89842}.Debug|Any CPU.Build.0 = Debug|Any CPU
		{F9AEF57E-46B9-49E8-B856-8F13C9C89842}.Release|Any CPU.ActiveCfg = Release|Any CPU
		{F9AEF57E-46B9-49E8-B856-8F13C9C89842}.Release|Any CPU.Build.0 = Release|Any CPU
		{7A98E23F-3775-4D15-84E6-72BBA67C8B6E}.Debug|Any CPU.ActiveCfg = Debug|Any CPU
		{7A98E23F-3775-4D15-84E6-72BBA67C8B6E}.Debug|Any CPU.Build.0 = Debug|Any CPU
		{7A98E23F-3775-4D15-84E6-72BBA67C8B6E}.Release|Any CPU.ActiveCfg = Release|Any CPU
		{7A98E23F-3775-4D15-84E6-72BBA67C8B6E}.Release|Any CPU.Build.0 = Release|Any CPU
		{8B9C232E-17B5-47E1-9ED3-BCE0ADB0B2D9}.Debug|Any CPU.ActiveCfg = Debug|Any CPU
		{8B9C232E-17B5-47E1-9ED3-BCE0ADB0B2D9}.Debug|Any CPU.Build.0 = Debug|Any CPU
		{8B9C232E-17B5-47E1-9ED3-BCE0ADB0B2D9}.Release|Any CPU.ActiveCfg = Release|Any CPU
		{8B9C232E-17B5-47E1-9ED3-BCE0ADB0B2D9}.Release|Any CPU.Build.0 = Release|Any CPU
		{B9686FDC-991F-47E0-92D3-A47D2EE779BA}.Debug|Any CPU.ActiveCfg = Debug|Any CPU
		{B9686FDC-991F-47E0-92D3-A47D2EE779BA}.Debug|Any CPU.Build.0 = Debug|Any CPU
		{B9686FDC-991F-47E0-92D3-A47D2EE779BA}.Release|Any CPU.ActiveCfg = Release|Any CPU
		{B9686FDC-991F-47E0-92D3-A47D2EE779BA}.Release|Any CPU.Build.0 = Release|Any CPU
		{2C984DB3-C880-48A8-B835-301EE3559BEF}.Debug|Any CPU.ActiveCfg = Debug|Any CPU
		{2C984DB3-C880-48A8-B835-301EE3559BEF}.Debug|Any CPU.Build.0 = Debug|Any CPU
		{2C984DB3-C880-48A8-B835-301EE3559BEF}.Release|Any CPU.ActiveCfg = Release|Any CPU
		{2C984DB3-C880-48A8-B835-301EE3559BEF}.Release|Any CPU.Build.0 = Release|Any CPU
		{55313D7D-1E17-4685-BE31-92EDFE52324F}.Debug|Any CPU.ActiveCfg = Debug|Any CPU
		{55313D7D-1E17-4685-BE31-92EDFE52324F}.Debug|Any CPU.Build.0 = Debug|Any CPU
		{55313D7D-1E17-4685-BE31-92EDFE52324F}.Release|Any CPU.ActiveCfg = Release|Any CPU
		{55313D7D-1E17-4685-BE31-92EDFE52324F}.Release|Any CPU.Build.0 = Release|Any CPU
		{FF4D5FD6-C567-4AAB-A787-FDDAF4F1085B}.Debug|Any CPU.ActiveCfg = Debug|Any CPU
		{FF4D5FD6-C567-4AAB-A787-FDDAF4F1085B}.Debug|Any CPU.Build.0 = Debug|Any CPU
		{FF4D5FD6-C567-4AAB-A787-FDDAF4F1085B}.Release|Any CPU.ActiveCfg = Release|Any CPU
		{FF4D5FD6-C567-4AAB-A787-FDDAF4F1085B}.Release|Any CPU.Build.0 = Release|Any CPU
		{E1B68329-AFF4-4DA5-AD86-5720973F9958}.Debug|Any CPU.ActiveCfg = Debug|Any CPU
		{E1B68329-AFF4-4DA5-AD86-5720973F9958}.Debug|Any CPU.Build.0 = Debug|Any CPU
		{E1B68329-AFF4-4DA5-AD86-5720973F9958}.Release|Any CPU.ActiveCfg = Release|Any CPU
		{E1B68329-AFF4-4DA5-AD86-5720973F9958}.Release|Any CPU.Build.0 = Release|Any CPU
		{22EAFAD7-1DA4-46B8-A386-71B21637C7C6}.Debug|Any CPU.ActiveCfg = Debug|Any CPU
		{22EAFAD7-1DA4-46B8-A386-71B21637C7C6}.Debug|Any CPU.Build.0 = Debug|Any CPU
		{22EAFAD7-1DA4-46B8-A386-71B21637C7C6}.Release|Any CPU.ActiveCfg = Release|Any CPU
		{22EAFAD7-1DA4-46B8-A386-71B21637C7C6}.Release|Any CPU.Build.0 = Release|Any CPU
		{0D5E0621-8D9A-48B6-8296-E861752A158C}.Debug|Any CPU.ActiveCfg = Debug|Any CPU
		{0D5E0621-8D9A-48B6-8296-E861752A158C}.Debug|Any CPU.Build.0 = Debug|Any CPU
		{0D5E0621-8D9A-48B6-8296-E861752A158C}.Release|Any CPU.ActiveCfg = Release|Any CPU
		{0D5E0621-8D9A-48B6-8296-E861752A158C}.Release|Any CPU.Build.0 = Release|Any CPU
		{DD9FB871-C7BF-44E2-AA65-ABBFB6280330}.Debug|Any CPU.ActiveCfg = Debug|Any CPU
		{DD9FB871-C7BF-44E2-AA65-ABBFB6280330}.Debug|Any CPU.Build.0 = Debug|Any CPU
		{DD9FB871-C7BF-44E2-AA65-ABBFB6280330}.Release|Any CPU.ActiveCfg = Release|Any CPU
		{DD9FB871-C7BF-44E2-AA65-ABBFB6280330}.Release|Any CPU.Build.0 = Release|Any CPU
		{A450528F-2055-471F-866A-CA464958F6E0}.Debug|Any CPU.ActiveCfg = Debug|Any CPU
		{A450528F-2055-471F-866A-CA464958F6E0}.Debug|Any CPU.Build.0 = Debug|Any CPU
		{A450528F-2055-471F-866A-CA464958F6E0}.Release|Any CPU.ActiveCfg = Release|Any CPU
		{A450528F-2055-471F-866A-CA464958F6E0}.Release|Any CPU.Build.0 = Release|Any CPU
	EndGlobalSection
	GlobalSection(SolutionProperties) = preSolution
		HideSolutionNode = FALSE
	EndGlobalSection
	GlobalSection(NestedProjects) = preSolution
		{B8AB14EB-D41B-49FD-8864-4BF30AEAC12C} = {A981B7EE-CDE3-4969-986D-0D8EF4832663}
		{18C08E89-DC9C-4B1A-9129-4A79887470B2} = {B8AB14EB-D41B-49FD-8864-4BF30AEAC12C}
		{8292A6E3-CAA6-4DFB-A0B1-2F57E21B5626} = {A981B7EE-CDE3-4969-986D-0D8EF4832663}
		{F9AEF57E-46B9-49E8-B856-8F13C9C89842} = {B8AB14EB-D41B-49FD-8864-4BF30AEAC12C}
		{7A98E23F-3775-4D15-84E6-72BBA67C8B6E} = {B8AB14EB-D41B-49FD-8864-4BF30AEAC12C}
		{8B9C232E-17B5-47E1-9ED3-BCE0ADB0B2D9} = {B8AB14EB-D41B-49FD-8864-4BF30AEAC12C}
		{B9686FDC-991F-47E0-92D3-A47D2EE779BA} = {B8AB14EB-D41B-49FD-8864-4BF30AEAC12C}
		{2C984DB3-C880-48A8-B835-301EE3559BEF} = {B8AB14EB-D41B-49FD-8864-4BF30AEAC12C}
		{55313D7D-1E17-4685-BE31-92EDFE52324F} = {8292A6E3-CAA6-4DFB-A0B1-2F57E21B5626}
		{FF4D5FD6-C567-4AAB-A787-FDDAF4F1085B} = {8292A6E3-CAA6-4DFB-A0B1-2F57E21B5626}
		{E1B68329-AFF4-4DA5-AD86-5720973F9958} = {8292A6E3-CAA6-4DFB-A0B1-2F57E21B5626}
		{22EAFAD7-1DA4-46B8-A386-71B21637C7C6} = {8292A6E3-CAA6-4DFB-A0B1-2F57E21B5626}
		{0D5E0621-8D9A-48B6-8296-E861752A158C} = {7DA9FF77-EB5C-4951-8677-5A539FEF303D}
		{DD9FB871-C7BF-44E2-AA65-ABBFB6280330} = {7DA9FF77-EB5C-4951-8677-5A539FEF303D}
		{A450528F-2055-471F-866A-CA464958F6E0} = {7DA9FF77-EB5C-4951-8677-5A539FEF303D}
	EndGlobalSection
	GlobalSection(ExtensibilityGlobals) = postSolution
		SolutionGuid = {88684251-7A2F-41BC-B857-2B6CB8402CC6}
	EndGlobalSection
EndGlobal
